// !$*UTF8*$!
{
	archiveVersion = 1;
	classes = {
	};
	objectVersion = 51;
	objects = {

/* Begin PBXBuildFile section */
		35512D6CB25A798F60EAAE57 /* Pods_aranet4nowUIKit.framework in Frameworks */ = {isa = PBXBuildFile; fileRef = D2CEA1B94114867F8B84FCF6 /* Pods_aranet4nowUIKit.framework */; };
		AA697D862570830600F76AEF /* AppDelegate.swift in Sources */ = {isa = PBXBuildFile; fileRef = AA697D852570830600F76AEF /* AppDelegate.swift */; };
		AA697D882570830600F76AEF /* SceneDelegate.swift in Sources */ = {isa = PBXBuildFile; fileRef = AA697D872570830600F76AEF /* SceneDelegate.swift */; };
		AA697D8A2570830600F76AEF /* ViewController.swift in Sources */ = {isa = PBXBuildFile; fileRef = AA697D892570830600F76AEF /* ViewController.swift */; };
		AA697D8D2570830600F76AEF /* Main.storyboard in Resources */ = {isa = PBXBuildFile; fileRef = AA697D8B2570830600F76AEF /* Main.storyboard */; };
		AA697D8F2570830700F76AEF /* Assets.xcassets in Resources */ = {isa = PBXBuildFile; fileRef = AA697D8E2570830700F76AEF /* Assets.xcassets */; };
		AA697D922570830700F76AEF /* LaunchScreen.storyboard in Resources */ = {isa = PBXBuildFile; fileRef = AA697D902570830700F76AEF /* LaunchScreen.storyboard */; };
		AA697D9B2571877D00F76AEF /* SettingsVC.swift in Sources */ = {isa = PBXBuildFile; fileRef = AA697D9A2571877D00F76AEF /* SettingsVC.swift */; };
		AA697DA22571EF7E00F76AEF /* GoogleService-Info.plist in Resources */ = {isa = PBXBuildFile; fileRef = AA697DA12571EF7E00F76AEF /* GoogleService-Info.plist */; };
/* End PBXBuildFile section */

/* Begin PBXFileReference section */
		1353BDC53CB0D2E2EECD3CB0 /* Pods-aranet4nowUIKit.debug.xcconfig */ = {isa = PBXFileReference; includeInIndex = 1; lastKnownFileType = text.xcconfig; name = "Pods-aranet4nowUIKit.debug.xcconfig"; path = "Target Support Files/Pods-aranet4nowUIKit/Pods-aranet4nowUIKit.debug.xcconfig"; sourceTree = "<group>"; };
		A82D6A30046166445805E4F6 /* Pods-aranet4nowUIKit.release.xcconfig */ = {isa = PBXFileReference; includeInIndex = 1; lastKnownFileType = text.xcconfig; name = "Pods-aranet4nowUIKit.release.xcconfig"; path = "Target Support Files/Pods-aranet4nowUIKit/Pods-aranet4nowUIKit.release.xcconfig"; sourceTree = "<group>"; };
		AA697D822570830600F76AEF /* aranet4nowUIKit.app */ = {isa = PBXFileReference; explicitFileType = wrapper.application; includeInIndex = 0; path = aranet4nowUIKit.app; sourceTree = BUILT_PRODUCTS_DIR; };
		AA697D852570830600F76AEF /* AppDelegate.swift */ = {isa = PBXFileReference; lastKnownFileType = sourcecode.swift; path = AppDelegate.swift; sourceTree = "<group>"; };
		AA697D872570830600F76AEF /* SceneDelegate.swift */ = {isa = PBXFileReference; lastKnownFileType = sourcecode.swift; path = SceneDelegate.swift; sourceTree = "<group>"; };
		AA697D892570830600F76AEF /* ViewController.swift */ = {isa = PBXFileReference; lastKnownFileType = sourcecode.swift; path = ViewController.swift; sourceTree = "<group>"; };
		AA697D8C2570830600F76AEF /* Base */ = {isa = PBXFileReference; lastKnownFileType = file.storyboard; name = Base; path = Base.lproj/Main.storyboard; sourceTree = "<group>"; };
		AA697D8E2570830700F76AEF /* Assets.xcassets */ = {isa = PBXFileReference; lastKnownFileType = folder.assetcatalog; path = Assets.xcassets; sourceTree = "<group>"; };
		AA697D912570830700F76AEF /* Base */ = {isa = PBXFileReference; lastKnownFileType = file.storyboard; name = Base; path = Base.lproj/LaunchScreen.storyboard; sourceTree = "<group>"; };
		AA697D932570830700F76AEF /* Info.plist */ = {isa = PBXFileReference; lastKnownFileType = text.plist.xml; path = Info.plist; sourceTree = "<group>"; };
		AA697D9A2571877D00F76AEF /* SettingsVC.swift */ = {isa = PBXFileReference; lastKnownFileType = sourcecode.swift; path = SettingsVC.swift; sourceTree = "<group>"; };
		AA697DA12571EF7E00F76AEF /* GoogleService-Info.plist */ = {isa = PBXFileReference; fileEncoding = 4; lastKnownFileType = text.plist.xml; path = "GoogleService-Info.plist"; sourceTree = "<group>"; };
		D2CEA1B94114867F8B84FCF6 /* Pods_aranet4nowUIKit.framework */ = {isa = PBXFileReference; explicitFileType = wrapper.framework; includeInIndex = 0; path = Pods_aranet4nowUIKit.framework; sourceTree = BUILT_PRODUCTS_DIR; };
/* End PBXFileReference section */

/* Begin PBXFrameworksBuildPhase section */
		AA697D7F2570830600F76AEF /* Frameworks */ = {
			isa = PBXFrameworksBuildPhase;
			buildActionMask = 2147483647;
			files = (
				35512D6CB25A798F60EAAE57 /* Pods_aranet4nowUIKit.framework in Frameworks */,
			);
			runOnlyForDeploymentPostprocessing = 0;
		};
/* End PBXFrameworksBuildPhase section */

/* Begin PBXGroup section */
		AA697D792570830600F76AEF = {
			isa = PBXGroup;
			children = (
				AA697D842570830600F76AEF /* aranet4nowUIKit */,
				AA697D832570830600F76AEF /* Products */,
				AA697DA42571F07C00F76AEF /* Frameworks */,
				E3B6DD80F6ACDCD38856B537 /* Pods */,
			);
			sourceTree = "<group>";
		};
		AA697D832570830600F76AEF /* Products */ = {
			isa = PBXGroup;
			children = (
				AA697D822570830600F76AEF /* aranet4nowUIKit.app */,
			);
			name = Products;
			sourceTree = "<group>";
		};
		AA697D842570830600F76AEF /* aranet4nowUIKit */ = {
			isa = PBXGroup;
			children = (
				AA697D852570830600F76AEF /* AppDelegate.swift */,
				AA697D872570830600F76AEF /* SceneDelegate.swift */,
				AA697D892570830600F76AEF /* ViewController.swift */,
				AA697D9A2571877D00F76AEF /* SettingsVC.swift */,
				AA697D8B2570830600F76AEF /* Main.storyboard */,
				AA697D8E2570830700F76AEF /* Assets.xcassets */,
				AA697D902570830700F76AEF /* LaunchScreen.storyboard */,
				AA697D932570830700F76AEF /* Info.plist */,
				AA697DA12571EF7E00F76AEF /* GoogleService-Info.plist */,
			);
			path = aranet4nowUIKit;
			sourceTree = "<group>";
		};
		AA697DA42571F07C00F76AEF /* Frameworks */ = {
			isa = PBXGroup;
			children = (
				D2CEA1B94114867F8B84FCF6 /* Pods_aranet4nowUIKit.framework */,
			);
			name = Frameworks;
			sourceTree = "<group>";
		};
		E3B6DD80F6ACDCD38856B537 /* Pods */ = {
			isa = PBXGroup;
			children = (
				1353BDC53CB0D2E2EECD3CB0 /* Pods-aranet4nowUIKit.debug.xcconfig */,
				A82D6A30046166445805E4F6 /* Pods-aranet4nowUIKit.release.xcconfig */,
			);
			path = Pods;
			sourceTree = "<group>";
		};
/* End PBXGroup section */

/* Begin PBXNativeTarget section */
		AA697D812570830600F76AEF /* aranet4nowUIKit */ = {
			isa = PBXNativeTarget;
			buildConfigurationList = AA697D962570830700F76AEF /* Build configuration list for PBXNativeTarget "aranet4nowUIKit" */;
			buildPhases = (
				EC5EC3E638B5E0F87230989E /* [CP] Check Pods Manifest.lock */,
				AA697D7E2570830600F76AEF /* Sources */,
				AA697D7F2570830600F76AEF /* Frameworks */,
				AA697D802570830600F76AEF /* Resources */,
				CCACFB622140A27040855129 /* [CP] Embed Pods Frameworks */,
				2C2DFE209974F3B599E61832 /* [CP] Copy Pods Resources */,
			);
			buildRules = (
			);
			dependencies = (
			);
			name = aranet4nowUIKit;
			packageProductDependencies = (
			);
			productName = aranet4nowUIKit;
			productReference = AA697D822570830600F76AEF /* aranet4nowUIKit.app */;
			productType = "com.apple.product-type.application";
		};
/* End PBXNativeTarget section */

/* Begin PBXProject section */
		AA697D7A2570830600F76AEF /* Project object */ = {
			isa = PBXProject;
			attributes = {
				LastSwiftUpdateCheck = 1220;
				LastUpgradeCheck = 1220;
				TargetAttributes = {
					AA697D812570830600F76AEF = {
						CreatedOnToolsVersion = 12.2;
					};
				};
			};
			buildConfigurationList = AA697D7D2570830600F76AEF /* Build configuration list for PBXProject "aranet4nowUIKit" */;
			compatibilityVersion = "Xcode 9.3";
			developmentRegion = en;
			hasScannedForEncodings = 0;
			knownRegions = (
				en,
				Base,
			);
			mainGroup = AA697D792570830600F76AEF;
			packageReferences = (
			);
			productRefGroup = AA697D832570830600F76AEF /* Products */;
			projectDirPath = "";
			projectRoot = "";
			targets = (
				AA697D812570830600F76AEF /* aranet4nowUIKit */,
			);
		};
/* End PBXProject section */

/* Begin PBXResourcesBuildPhase section */
		AA697D802570830600F76AEF /* Resources */ = {
			isa = PBXResourcesBuildPhase;
			buildActionMask = 2147483647;
			files = (
				AA697D922570830700F76AEF /* LaunchScreen.storyboard in Resources */,
				AA697DA22571EF7E00F76AEF /* GoogleService-Info.plist in Resources */,
				AA697D8F2570830700F76AEF /* Assets.xcassets in Resources */,
				AA697D8D2570830600F76AEF /* Main.storyboard in Resources */,
			);
			runOnlyForDeploymentPostprocessing = 0;
		};
/* End PBXResourcesBuildPhase section */

/* Begin PBXShellScriptBuildPhase section */
		2C2DFE209974F3B599E61832 /* [CP] Copy Pods Resources */ = {
			isa = PBXShellScriptBuildPhase;
			buildActionMask = 2147483647;
			files = (
			);
			inputFileListPaths = (
				"${PODS_ROOT}/Target Support Files/Pods-aranet4nowUIKit/Pods-aranet4nowUIKit-resources-${CONFIGURATION}-input-files.xcfilelist",
			);
			name = "[CP] Copy Pods Resources";
			outputFileListPaths = (
				"${PODS_ROOT}/Target Support Files/Pods-aranet4nowUIKit/Pods-aranet4nowUIKit-resources-${CONFIGURATION}-output-files.xcfilelist",
			);
			runOnlyForDeploymentPostprocessing = 0;
			shellPath = /bin/sh;
			shellScript = "\"${PODS_ROOT}/Target Support Files/Pods-aranet4nowUIKit/Pods-aranet4nowUIKit-resources.sh\"\n";
			showEnvVarsInLog = 0;
		};
		CCACFB622140A27040855129 /* [CP] Embed Pods Frameworks */ = {
			isa = PBXShellScriptBuildPhase;
			buildActionMask = 2147483647;
			files = (
			);
			inputFileListPaths = (
				"${PODS_ROOT}/Target Support Files/Pods-aranet4nowUIKit/Pods-aranet4nowUIKit-frameworks-${CONFIGURATION}-input-files.xcfilelist",
			);
			name = "[CP] Embed Pods Frameworks";
			outputFileListPaths = (
				"${PODS_ROOT}/Target Support Files/Pods-aranet4nowUIKit/Pods-aranet4nowUIKit-frameworks-${CONFIGURATION}-output-files.xcfilelist",
			);
			runOnlyForDeploymentPostprocessing = 0;
			shellPath = /bin/sh;
			shellScript = "\"${PODS_ROOT}/Target Support Files/Pods-aranet4nowUIKit/Pods-aranet4nowUIKit-frameworks.sh\"\n";
			showEnvVarsInLog = 0;
		};
		EC5EC3E638B5E0F87230989E /* [CP] Check Pods Manifest.lock */ = {
			isa = PBXShellScriptBuildPhase;
			buildActionMask = 2147483647;
			files = (
			);
			inputFileListPaths = (
			);
			inputPaths = (
				"${PODS_PODFILE_DIR_PATH}/Podfile.lock",
				"${PODS_ROOT}/Manifest.lock",
			);
			name = "[CP] Check Pods Manifest.lock";
			outputFileListPaths = (
			);
			outputPaths = (
				"$(DERIVED_FILE_DIR)/Pods-aranet4nowUIKit-checkManifestLockResult.txt",
			);
			runOnlyForDeploymentPostprocessing = 0;
			shellPath = /bin/sh;
			shellScript = "diff \"${PODS_PODFILE_DIR_PATH}/Podfile.lock\" \"${PODS_ROOT}/Manifest.lock\" > /dev/null\nif [ $? != 0 ] ; then\n    # print error to STDERR\n    echo \"error: The sandbox is not in sync with the Podfile.lock. Run 'pod install' or update your CocoaPods installation.\" >&2\n    exit 1\nfi\n# This output is used by Xcode 'outputs' to avoid re-running this script phase.\necho \"SUCCESS\" > \"${SCRIPT_OUTPUT_FILE_0}\"\n";
			showEnvVarsInLog = 0;
		};
/* End PBXShellScriptBuildPhase section */

/* Begin PBXSourcesBuildPhase section */
		AA697D7E2570830600F76AEF /* Sources */ = {
			isa = PBXSourcesBuildPhase;
			buildActionMask = 2147483647;
			files = (
				AA697D8A2570830600F76AEF /* ViewController.swift in Sources */,
				AA697D9B2571877D00F76AEF /* SettingsVC.swift in Sources */,
				AA697D862570830600F76AEF /* AppDelegate.swift in Sources */,
				AA697D882570830600F76AEF /* SceneDelegate.swift in Sources */,
			);
			runOnlyForDeploymentPostprocessing = 0;
		};
/* End PBXSourcesBuildPhase section */

/* Begin PBXVariantGroup section */
		AA697D8B2570830600F76AEF /* Main.storyboard */ = {
			isa = PBXVariantGroup;
			children = (
				AA697D8C2570830600F76AEF /* Base */,
			);
			name = Main.storyboard;
			sourceTree = "<group>";
		};
		AA697D902570830700F76AEF /* LaunchScreen.storyboard */ = {
			isa = PBXVariantGroup;
			children = (
				AA697D912570830700F76AEF /* Base */,
			);
			name = LaunchScreen.storyboard;
			sourceTree = "<group>";
		};
/* End PBXVariantGroup section */

/* Begin XCBuildConfiguration section */
		AA697D942570830700F76AEF /* Debug */ = {
			isa = XCBuildConfiguration;
			buildSettings = {
				ALWAYS_SEARCH_USER_PATHS = NO;
				CLANG_ANALYZER_NONNULL = YES;
				CLANG_ANALYZER_NUMBER_OBJECT_CONVERSION = YES_AGGRESSIVE;
				CLANG_CXX_LANGUAGE_STANDARD = "gnu++14";
				CLANG_CXX_LIBRARY = "libc++";
				CLANG_ENABLE_MODULES = YES;
				CLANG_ENABLE_OBJC_ARC = YES;
				CLANG_ENABLE_OBJC_WEAK = YES;
				CLANG_WARN_BLOCK_CAPTURE_AUTORELEASING = YES;
				CLANG_WARN_BOOL_CONVERSION = YES;
				CLANG_WARN_COMMA = YES;
				CLANG_WARN_CONSTANT_CONVERSION = YES;
				CLANG_WARN_DEPRECATED_OBJC_IMPLEMENTATIONS = YES;
				CLANG_WARN_DIRECT_OBJC_ISA_USAGE = YES_ERROR;
				CLANG_WARN_DOCUMENTATION_COMMENTS = YES;
				CLANG_WARN_EMPTY_BODY = YES;
				CLANG_WARN_ENUM_CONVERSION = YES;
				CLANG_WARN_INFINITE_RECURSION = YES;
				CLANG_WARN_INT_CONVERSION = YES;
				CLANG_WARN_NON_LITERAL_NULL_CONVERSION = YES;
				CLANG_WARN_OBJC_IMPLICIT_RETAIN_SELF = YES;
				CLANG_WARN_OBJC_LITERAL_CONVERSION = YES;
				CLANG_WARN_OBJC_ROOT_CLASS = YES_ERROR;
				CLANG_WARN_QUOTED_INCLUDE_IN_FRAMEWORK_HEADER = YES;
				CLANG_WARN_RANGE_LOOP_ANALYSIS = YES;
				CLANG_WARN_STRICT_PROTOTYPES = YES;
				CLANG_WARN_SUSPICIOUS_MOVE = YES;
				CLANG_WARN_UNGUARDED_AVAILABILITY = YES_AGGRESSIVE;
				CLANG_WARN_UNREACHABLE_CODE = YES;
				CLANG_WARN__DUPLICATE_METHOD_MATCH = YES;
				COPY_PHASE_STRIP = NO;
				DEBUG_INFORMATION_FORMAT = dwarf;
				ENABLE_STRICT_OBJC_MSGSEND = YES;
				ENABLE_TESTABILITY = YES;
				GCC_C_LANGUAGE_STANDARD = gnu11;
				GCC_DYNAMIC_NO_PIC = NO;
				GCC_NO_COMMON_BLOCKS = YES;
				GCC_OPTIMIZATION_LEVEL = 0;
				GCC_PREPROCESSOR_DEFINITIONS = (
					"DEBUG=1",
					"$(inherited)",
				);
				GCC_WARN_64_TO_32_BIT_CONVERSION = YES;
				GCC_WARN_ABOUT_RETURN_TYPE = YES_ERROR;
				GCC_WARN_UNDECLARED_SELECTOR = YES;
				GCC_WARN_UNINITIALIZED_AUTOS = YES_AGGRESSIVE;
				GCC_WARN_UNUSED_FUNCTION = YES;
				GCC_WARN_UNUSED_VARIABLE = YES;
				IPHONEOS_DEPLOYMENT_TARGET = 14.2;
				MTL_ENABLE_DEBUG_INFO = INCLUDE_SOURCE;
				MTL_FAST_MATH = YES;
				ONLY_ACTIVE_ARCH = YES;
				SDKROOT = iphoneos;
				SWIFT_ACTIVE_COMPILATION_CONDITIONS = DEBUG;
				SWIFT_OPTIMIZATION_LEVEL = "-Onone";
			};
			name = Debug;
		};
		AA697D952570830700F76AEF /* Release */ = {
			isa = XCBuildConfiguration;
			buildSettings = {
				ALWAYS_SEARCH_USER_PATHS = NO;
				CLANG_ANALYZER_NONNULL = YES;
				CLANG_ANALYZER_NUMBER_OBJECT_CONVERSION = YES_AGGRESSIVE;
				CLANG_CXX_LANGUAGE_STANDARD = "gnu++14";
				CLANG_CXX_LIBRARY = "libc++";
				CLANG_ENABLE_MODULES = YES;
				CLANG_ENABLE_OBJC_ARC = YES;
				CLANG_ENABLE_OBJC_WEAK = YES;
				CLANG_WARN_BLOCK_CAPTURE_AUTORELEASING = YES;
				CLANG_WARN_BOOL_CONVERSION = YES;
				CLANG_WARN_COMMA = YES;
				CLANG_WARN_CONSTANT_CONVERSION = YES;
				CLANG_WARN_DEPRECATED_OBJC_IMPLEMENTATIONS = YES;
				CLANG_WARN_DIRECT_OBJC_ISA_USAGE = YES_ERROR;
				CLANG_WARN_DOCUMENTATION_COMMENTS = YES;
				CLANG_WARN_EMPTY_BODY = YES;
				CLANG_WARN_ENUM_CONVERSION = YES;
				CLANG_WARN_INFINITE_RECURSION = YES;
				CLANG_WARN_INT_CONVERSION = YES;
				CLANG_WARN_NON_LITERAL_NULL_CONVERSION = YES;
				CLANG_WARN_OBJC_IMPLICIT_RETAIN_SELF = YES;
				CLANG_WARN_OBJC_LITERAL_CONVERSION = YES;
				CLANG_WARN_OBJC_ROOT_CLASS = YES_ERROR;
				CLANG_WARN_QUOTED_INCLUDE_IN_FRAMEWORK_HEADER = YES;
				CLANG_WARN_RANGE_LOOP_ANALYSIS = YES;
				CLANG_WARN_STRICT_PROTOTYPES = YES;
				CLANG_WARN_SUSPICIOUS_MOVE = YES;
				CLANG_WARN_UNGUARDED_AVAILABILITY = YES_AGGRESSIVE;
				CLANG_WARN_UNREACHABLE_CODE = YES;
				CLANG_WARN__DUPLICATE_METHOD_MATCH = YES;
				COPY_PHASE_STRIP = NO;
				DEBUG_INFORMATION_FORMAT = "dwarf-with-dsym";
				ENABLE_NS_ASSERTIONS = NO;
				ENABLE_STRICT_OBJC_MSGSEND = YES;
				GCC_C_LANGUAGE_STANDARD = gnu11;
				GCC_NO_COMMON_BLOCKS = YES;
				GCC_WARN_64_TO_32_BIT_CONVERSION = YES;
				GCC_WARN_ABOUT_RETURN_TYPE = YES_ERROR;
				GCC_WARN_UNDECLARED_SELECTOR = YES;
				GCC_WARN_UNINITIALIZED_AUTOS = YES_AGGRESSIVE;
				GCC_WARN_UNUSED_FUNCTION = YES;
				GCC_WARN_UNUSED_VARIABLE = YES;
				IPHONEOS_DEPLOYMENT_TARGET = 14.2;
				MTL_ENABLE_DEBUG_INFO = NO;
				MTL_FAST_MATH = YES;
				SDKROOT = iphoneos;
				SWIFT_COMPILATION_MODE = wholemodule;
				SWIFT_OPTIMIZATION_LEVEL = "-O";
				VALIDATE_PRODUCT = YES;
			};
			name = Release;
		};
		AA697D972570830700F76AEF /* Debug */ = {
			isa = XCBuildConfiguration;
			baseConfigurationReference = 1353BDC53CB0D2E2EECD3CB0 /* Pods-aranet4nowUIKit.debug.xcconfig */;
			buildSettings = {
				ASSETCATALOG_COMPILER_APPICON_NAME = AppIcon;
				ASSETCATALOG_COMPILER_GLOBAL_ACCENT_COLOR_NAME = AccentColor;
				CODE_SIGN_STYLE = Automatic;
				DEVELOPMENT_TEAM = U4WHYADYH2;
				INFOPLIST_FILE = aranet4nowUIKit/Info.plist;
				LD_RUNPATH_SEARCH_PATHS = (
					"$(inherited)",
					"@executable_path/Frameworks",
				);
				PRODUCT_BUNDLE_IDENTIFIER = world.aiclub.aranet4nowUIKit;
				PRODUCT_NAME = "$(TARGET_NAME)";
				SWIFT_VERSION = 5.0;
				TARGETED_DEVICE_FAMILY = "1,2";
			};
			name = Debug;
		};
		AA697D982570830700F76AEF /* Release */ = {
			isa = XCBuildConfiguration;
			baseConfigurationReference = A82D6A30046166445805E4F6 /* Pods-aranet4nowUIKit.release.xcconfig */;
			buildSettings = {
				ASSETCATALOG_COMPILER_APPICON_NAME = AppIcon;
				ASSETCATALOG_COMPILER_GLOBAL_ACCENT_COLOR_NAME = AccentColor;
				CODE_SIGN_STYLE = Automatic;
				DEVELOPMENT_TEAM = U4WHYADYH2;
				INFOPLIST_FILE = aranet4nowUIKit/Info.plist;
				LD_RUNPATH_SEARCH_PATHS = (
					"$(inherited)",
					"@executable_path/Frameworks",
				);
				PRODUCT_BUNDLE_IDENTIFIER = world.aiclub.aranet4nowUIKit;
				PRODUCT_NAME = "$(TARGET_NAME)";
				SWIFT_VERSION = 5.0;
				TARGETED_DEVICE_FAMILY = "1,2";
			};
			name = Release;
		};
/* End XCBuildConfiguration section */

/* Begin XCConfigurationList section */
		AA697D7D2570830600F76AEF /* Build configuration list for PBXProject "aranet4nowUIKit" */ = {
			isa = XCConfigurationList;
			buildConfigurations = (
				AA697D942570830700F76AEF /* Debug */,
				AA697D952570830700F76AEF /* Release */,
			);
			defaultConfigurationIsVisible = 0;
			defaultConfigurationName = Release;
		};
		AA697D962570830700F76AEF /* Build configuration list for PBXNativeTarget "aranet4nowUIKit" */ = {
			isa = XCConfigurationList;
			buildConfigurations = (
				AA697D972570830700F76AEF /* Debug */,
				AA697D982570830700F76AEF /* Release */,
			);
			defaultConfigurationIsVisible = 0;
			defaultConfigurationName = Release;
		};
/* End XCConfigurationList section */
	};
	rootObject = AA697D7A2570830600F76AEF /* Project object */;
}
